
Microsoft Visual Studio Solution File, Format Version 12.00
# Visual Studio Version 17
VisualStudioVersion = 17.14.36310.24 d17.14
MinimumVisualStudioVersion = 10.0.40219.1
Project("{FAE04EC0-301F-11D3-BF4B-00C04F79EFBC}") = "vetores", "vetores\vetores.csproj", "{CFC50CA1-66D5-41E3-9877-CBCAA8E1374B}"
EndProject
Global
	GlobalSection(SolutionConfigurationPlatforms) = preSolution
		Debug|Any CPU = Debug|Any CPU
		Release|Any CPU = Release|Any CPU
	EndGlobalSection
	GlobalSection(ProjectConfigurationPlatforms) = postSolution
		{CFC50CA1-66D5-41E3-9877-CBCAA8E1374B}.Debug|Any CPU.ActiveCfg = Debug|Any CPU
		{CFC50CA1-66D5-41E3-9877-CBCAA8E1374B}.Debug|Any CPU.Build.0 = Debug|Any CPU
		{CFC50CA1-66D5-41E3-9877-CBCAA8E1374B}.Release|Any CPU.ActiveCfg = Release|Any CPU
		{CFC50CA1-66D5-41E3-9877-CBCAA8E1374B}.Release|Any CPU.Build.0 = Release|Any CPU
	EndGlobalSection
	GlobalSection(SolutionProperties) = preSolution
		HideSolutionNode = FALSE
	EndGlobalSection
	GlobalSection(ExtensibilityGlobals) = postSolution
		SolutionGuid = {017FEFBC-E45E-459C-A232-BD41A9A06A96}
	EndGlobalSection
EndGlobal
